
Microsoft Visual Studio Solution File, Format Version 12.00
# Visual Studio Version 17
VisualStudioVersion = 17.6.33829.357
MinimumVisualStudioVersion = 10.0.40219.1
Project("{9A19103F-16F7-4668-BE54-9A1E7A4F7556}") = "Rko-encription", "Rko-encription.csproj", "{CFDFF8D0-1DDB-4360-9C84-1B27CB94BCB5}"
EndProject
Global
	GlobalSection(SolutionConfigurationPlatforms) = preSolution
		Debug|Any CPU = Debug|Any CPU
		Release|Any CPU = Release|Any CPU
	EndGlobalSection
	GlobalSection(ProjectConfigurationPlatforms) = postSolution
		{CFDFF8D0-1DDB-4360-9C84-1B27CB94BCB5}.Debug|Any CPU.ActiveCfg = Debug|Any CPU
		{CFDFF8D0-1DDB-4360-9C84-1B27CB94BCB5}.Debug|Any CPU.Build.0 = Debug|Any CPU
		{CFDFF8D0-1DDB-4360-9C84-1B27CB94BCB5}.Release|Any CPU.ActiveCfg = Release|Any CPU
		{CFDFF8D0-1DDB-4360-9C84-1B27CB94BCB5}.Release|Any CPU.Build.0 = Release|Any CPU
	EndGlobalSection
	GlobalSection(SolutionProperties) = preSolution
		HideSolutionNode = FALSE
	EndGlobalSection
	GlobalSection(ExtensibilityGlobals) = postSolution
		SolutionGuid = {DBCB1EC5-49F6-4F1C-970D-7B31BC550723}
	EndGlobalSection
EndGlobal
